
Microsoft Visual Studio Solution File, Format Version 12.00
# Visual Studio Version 16
VisualStudioVersion = 16.0.31025.194
MinimumVisualStudioVersion = 10.0.40219.1
Project("{FAE04EC0-301F-11D3-BF4B-00C04F79EFBC}") = "maths", "maths.csproj", "{5F3616A7-CD70-4A6B-80D0-0EED58D40076}"
EndProject
Global
	GlobalSection(SolutionConfigurationPlatforms) = preSolution
		Debug|Any CPU = Debug|Any CPU
		Release|Any CPU = Release|Any CPU
	EndGlobalSection
	GlobalSection(ProjectConfigurationPlatforms) = postSolution
		{5F3616A7-CD70-4A6B-80D0-0EED58D40076}.Debug|Any CPU.ActiveCfg = Debug|Any CPU
		{5F3616A7-CD70-4A6B-80D0-0EED58D40076}.Debug|Any CPU.Build.0 = Debug|Any CPU
		{5F3616A7-CD70-4A6B-80D0-0EED58D40076}.Release|Any CPU.ActiveCfg = Release|Any CPU
		{5F3616A7-CD70-4A6B-80D0-0EED58D40076}.Release|Any CPU.Build.0 = Release|Any CPU
	EndGlobalSection
	GlobalSection(SolutionProperties) = preSolution
		HideSolutionNode = FALSE
	EndGlobalSection
	GlobalSection(ExtensibilityGlobals) = postSolution
		SolutionGuid = {AECE57B0-A7C6-4DF9-A463-03D39D0C4FF3}
	EndGlobalSection
EndGlobal
